// !$*UTF8*$!
{
	archiveVersion = 1;
	classes = {
	};
	objectVersion = 51;
	objects = {

/* Begin PBXBuildFile section */
		1D3735E324161A030087ACAE /* AppDelegate.swift in Sources */ = {isa = PBXBuildFile; fileRef = 1D3735E224161A030087ACAE /* AppDelegate.swift */; };
		1D3735EA24161A040087ACAE /* Assets.xcassets in Resources */ = {isa = PBXBuildFile; fileRef = 1D3735E924161A040087ACAE /* Assets.xcassets */; };
		1D3735ED24161A040087ACAE /* LaunchScreen.storyboard in Resources */ = {isa = PBXBuildFile; fileRef = 1D3735EB24161A040087ACAE /* LaunchScreen.storyboard */; };
		1D37360B24161CF50087ACAE /* Message.swift in Sources */ = {isa = PBXBuildFile; fileRef = 1D37360A24161CF50087ACAE /* Message.swift */; };
		1D37360F24161CFF0087ACAE /* Main.storyboard in Resources */ = {isa = PBXBuildFile; fileRef = 1D37360D24161CFF0087ACAE /* Main.storyboard */; };
		1D37361324161D150087ACAE /* MessageCell.xib in Resources */ = {isa = PBXBuildFile; fileRef = 1D37361124161D150087ACAE /* MessageCell.xib */; };
		1D37361424161D150087ACAE /* CustomMessageCell.swift in Sources */ = {isa = PBXBuildFile; fileRef = 1D37361224161D150087ACAE /* CustomMessageCell.swift */; };
		1D37361924161D200087ACAE /* ChatViewController.swift in Sources */ = {isa = PBXBuildFile; fileRef = 1D37361524161D200087ACAE /* ChatViewController.swift */; };
		1D37361B24161D200087ACAE /* WelcomeViewController.swift in Sources */ = {isa = PBXBuildFile; fileRef = 1D37361724161D200087ACAE /* WelcomeViewController.swift */; };
		1D37361E241629FA0087ACAE /* GoogleService-Info.plist in Resources */ = {isa = PBXBuildFile; fileRef = 1D37361D241629FA0087ACAE /* GoogleService-Info.plist */; };
		1D61E0AF2418B8AB004FD356 /* RoundedButton.swift in Sources */ = {isa = PBXBuildFile; fileRef = 1D61E0AD2418B8AA004FD356 /* RoundedButton.swift */; };
		1D61E0B42418CA9C004FD356 /* KYCViewController.swift in Sources */ = {isa = PBXBuildFile; fileRef = 1D61E0B32418CA9C004FD356 /* KYCViewController.swift */; };
		1D951BCE2419C6BA00098AFC /* Utilities.swift in Sources */ = {isa = PBXBuildFile; fileRef = 1D951BCD2419C6BA00098AFC /* Utilities.swift */; };
		5AC4CF599E7C8F263EA8AE64 /* Pods_TeleHealth.framework in Frameworks */ = {isa = PBXBuildFile; fileRef = 3DF8C8CE82B5C9A5F4AE7321 /* Pods_TeleHealth.framework */; };
/* End PBXBuildFile section */

/* Begin PBXFileReference section */
		1D3735DF24161A030087ACAE /* TeleHealth.app */ = {isa = PBXFileReference; explicitFileType = wrapper.application; includeInIndex = 0; path = TeleHealth.app; sourceTree = BUILT_PRODUCTS_DIR; };
		1D3735E224161A030087ACAE /* AppDelegate.swift */ = {isa = PBXFileReference; lastKnownFileType = sourcecode.swift; path = AppDelegate.swift; sourceTree = "<group>"; };
		1D3735E924161A040087ACAE /* Assets.xcassets */ = {isa = PBXFileReference; lastKnownFileType = folder.assetcatalog; path = Assets.xcassets; sourceTree = "<group>"; };
		1D3735EC24161A040087ACAE /* Base */ = {isa = PBXFileReference; lastKnownFileType = file.storyboard; name = Base; path = Base.lproj/LaunchScreen.storyboard; sourceTree = "<group>"; };
		1D3735EE24161A040087ACAE /* Info.plist */ = {isa = PBXFileReference; lastKnownFileType = text.plist.xml; path = Info.plist; sourceTree = "<group>"; };
		1D37360A24161CF50087ACAE /* Message.swift */ = {isa = PBXFileReference; fileEncoding = 4; lastKnownFileType = sourcecode.swift; path = Message.swift; sourceTree = "<group>"; };
		1D37360D24161CFF0087ACAE /* Main.storyboard */ = {isa = PBXFileReference; fileEncoding = 4; lastKnownFileType = file.storyboard; path = Main.storyboard; sourceTree = "<group>"; };
		1D37361124161D150087ACAE /* MessageCell.xib */ = {isa = PBXFileReference; fileEncoding = 4; lastKnownFileType = file.xib; path = MessageCell.xib; sourceTree = "<group>"; };
		1D37361224161D150087ACAE /* CustomMessageCell.swift */ = {isa = PBXFileReference; fileEncoding = 4; lastKnownFileType = sourcecode.swift; path = CustomMessageCell.swift; sourceTree = "<group>"; };
		1D37361524161D200087ACAE /* ChatViewController.swift */ = {isa = PBXFileReference; fileEncoding = 4; lastKnownFileType = sourcecode.swift; path = ChatViewController.swift; sourceTree = "<group>"; };
		1D37361724161D200087ACAE /* WelcomeViewController.swift */ = {isa = PBXFileReference; fileEncoding = 4; lastKnownFileType = sourcecode.swift; path = WelcomeViewController.swift; sourceTree = "<group>"; };
		1D37361D241629FA0087ACAE /* GoogleService-Info.plist */ = {isa = PBXFileReference; fileEncoding = 4; lastKnownFileType = text.plist.xml; path = "GoogleService-Info.plist"; sourceTree = "<group>"; };
		1D61E0AD2418B8AA004FD356 /* RoundedButton.swift */ = {isa = PBXFileReference; fileEncoding = 4; lastKnownFileType = sourcecode.swift; path = RoundedButton.swift; sourceTree = "<group>"; };
		1D61E0B32418CA9C004FD356 /* KYCViewController.swift */ = {isa = PBXFileReference; lastKnownFileType = sourcecode.swift; path = KYCViewController.swift; sourceTree = "<group>"; };
		1D951BCD2419C6BA00098AFC /* Utilities.swift */ = {isa = PBXFileReference; fileEncoding = 4; lastKnownFileType = sourcecode.swift; path = Utilities.swift; sourceTree = "<group>"; };
		3DF8C8CE82B5C9A5F4AE7321 /* Pods_TeleHealth.framework */ = {isa = PBXFileReference; explicitFileType = wrapper.framework; includeInIndex = 0; path = Pods_TeleHealth.framework; sourceTree = BUILT_PRODUCTS_DIR; };
		749875127DEBC58C089DC1AB /* Pods-TeleHealth.release.xcconfig */ = {isa = PBXFileReference; includeInIndex = 1; lastKnownFileType = text.xcconfig; name = "Pods-TeleHealth.release.xcconfig"; path = "Target Support Files/Pods-TeleHealth/Pods-TeleHealth.release.xcconfig"; sourceTree = "<group>"; };
		BE9D8304A7BC8E8ABD462476 /* Pods-TeleHealth.debug.xcconfig */ = {isa = PBXFileReference; includeInIndex = 1; lastKnownFileType = text.xcconfig; name = "Pods-TeleHealth.debug.xcconfig"; path = "Target Support Files/Pods-TeleHealth/Pods-TeleHealth.debug.xcconfig"; sourceTree = "<group>"; };
/* End PBXFileReference section */

/* Begin PBXFrameworksBuildPhase section */
		1D3735DC24161A030087ACAE /* Frameworks */ = {
			isa = PBXFrameworksBuildPhase;
			buildActionMask = 2147483647;
			files = (
				5AC4CF599E7C8F263EA8AE64 /* Pods_TeleHealth.framework in Frameworks */,
			);
			runOnlyForDeploymentPostprocessing = 0;
		};
/* End PBXFrameworksBuildPhase section */

/* Begin PBXGroup section */
		1D3735D624161A030087ACAE = {
			isa = PBXGroup;
			children = (
				1D3735E124161A030087ACAE /* TeleHealth */,
				1D3735E024161A030087ACAE /* Products */,
				BA694A877F12658F01F9CF52 /* Pods */,
				6373827EDFD153BD0146BE25 /* Frameworks */,
			);
			sourceTree = "<group>";
		};
		1D3735E024161A030087ACAE /* Products */ = {
			isa = PBXGroup;
			children = (
				1D3735DF24161A030087ACAE /* TeleHealth.app */,
			);
			name = Products;
			sourceTree = "<group>";
		};
		1D3735E124161A030087ACAE /* TeleHealth */ = {
			isa = PBXGroup;
			children = (
				1D3735EE24161A040087ACAE /* Info.plist */,
				1D3735E224161A030087ACAE /* AppDelegate.swift */,
				1D37360624161C890087ACAE /* Model */,
				1D37360724161C8F0087ACAE /* Views */,
				1D37360824161C9A0087ACAE /* Controllers */,
				1D37360924161CA90087ACAE /* Supporting Files */,
				1D3735EB24161A040087ACAE /* LaunchScreen.storyboard */,
			);
			path = TeleHealth;
			sourceTree = "<group>";
		};
		1D37360624161C890087ACAE /* Model */ = {
			isa = PBXGroup;
			children = (
				1D37360A24161CF50087ACAE /* Message.swift */,
			);
			path = Model;
			sourceTree = "<group>";
		};
		1D37360724161C8F0087ACAE /* Views */ = {
			isa = PBXGroup;
			children = (
				1D61E0AD2418B8AA004FD356 /* RoundedButton.swift */,
				1D37361024161D070087ACAE /* Custom Cell */,
				1D37360D24161CFF0087ACAE /* Main.storyboard */,
			);
			path = Views;
			sourceTree = "<group>";
		};
		1D37360824161C9A0087ACAE /* Controllers */ = {
			isa = PBXGroup;
			children = (
				1D37361524161D200087ACAE /* ChatViewController.swift */,
				1D37361724161D200087ACAE /* WelcomeViewController.swift */,
				1D61E0B32418CA9C004FD356 /* KYCViewController.swift */,
			);
			path = Controllers;
			sourceTree = "<group>";
		};
		1D37360924161CA90087ACAE /* Supporting Files */ = {
			isa = PBXGroup;
			children = (
				1D951BCD2419C6BA00098AFC /* Utilities.swift */,
				1D37361D241629FA0087ACAE /* GoogleService-Info.plist */,
				1D3735E924161A040087ACAE /* Assets.xcassets */,
			);
			path = "Supporting Files";
			sourceTree = "<group>";
		};
		1D37361024161D070087ACAE /* Custom Cell */ = {
			isa = PBXGroup;
			children = (
				1D37361224161D150087ACAE /* CustomMessageCell.swift */,
				1D37361124161D150087ACAE /* MessageCell.xib */,
			);
			path = "Custom Cell";
			sourceTree = "<group>";
		};
		6373827EDFD153BD0146BE25 /* Frameworks */ = {
			isa = PBXGroup;
			children = (
				3DF8C8CE82B5C9A5F4AE7321 /* Pods_TeleHealth.framework */,
			);
			name = Frameworks;
			sourceTree = "<group>";
		};
		BA694A877F12658F01F9CF52 /* Pods */ = {
			isa = PBXGroup;
			children = (
				BE9D8304A7BC8E8ABD462476 /* Pods-TeleHealth.debug.xcconfig */,
				749875127DEBC58C089DC1AB /* Pods-TeleHealth.release.xcconfig */,
			);
			path = Pods;
			sourceTree = "<group>";
		};
/* End PBXGroup section */

/* Begin PBXNativeTarget section */
		1D3735DE24161A030087ACAE /* TeleHealth */ = {
			isa = PBXNativeTarget;
			buildConfigurationList = 1D3735F124161A040087ACAE /* Build configuration list for PBXNativeTarget "TeleHealth" */;
			buildPhases = (
				F409E105E8AAC18BE83629D1 /* [CP] Check Pods Manifest.lock */,
				1D3735DB24161A030087ACAE /* Sources */,
				1D3735DC24161A030087ACAE /* Frameworks */,
				1D3735DD24161A030087ACAE /* Resources */,
				CB6C63A44D46751D324B22BF /* [CP] Embed Pods Frameworks */,
				16F6811DE1B8757C0D32827F /* [CP] Copy Pods Resources */,
			);
			buildRules = (
			);
			dependencies = (
			);
			name = TeleHealth;
			productName = TeleHealth;
			productReference = 1D3735DF24161A030087ACAE /* TeleHealth.app */;
			productType = "com.apple.product-type.application";
		};
/* End PBXNativeTarget section */

/* Begin PBXProject section */
		1D3735D724161A030087ACAE /* Project object */ = {
			isa = PBXProject;
			attributes = {
				LastSwiftUpdateCheck = 1030;
				LastUpgradeCheck = 1030;
				ORGANIZATIONNAME = "Xi Apps";
				TargetAttributes = {
					1D3735DE24161A030087ACAE = {
						CreatedOnToolsVersion = 10.3;
					};
				};
			};
			buildConfigurationList = 1D3735DA24161A030087ACAE /* Build configuration list for PBXProject "TeleHealth" */;
			compatibilityVersion = "Xcode 9.3";
			developmentRegion = en;
			hasScannedForEncodings = 0;
			knownRegions = (
				en,
				Base,
			);
			mainGroup = 1D3735D624161A030087ACAE;
			productRefGroup = 1D3735E024161A030087ACAE /* Products */;
			projectDirPath = "";
			projectRoot = "";
			targets = (
				1D3735DE24161A030087ACAE /* TeleHealth */,
			);
		};
/* End PBXProject section */

/* Begin PBXResourcesBuildPhase section */
		1D3735DD24161A030087ACAE /* Resources */ = {
			isa = PBXResourcesBuildPhase;
			buildActionMask = 2147483647;
			files = (
				1D37361324161D150087ACAE /* MessageCell.xib in Resources */,
				1D3735ED24161A040087ACAE /* LaunchScreen.storyboard in Resources */,
				1D37361E241629FA0087ACAE /* GoogleService-Info.plist in Resources */,
				1D3735EA24161A040087ACAE /* Assets.xcassets in Resources */,
				1D37360F24161CFF0087ACAE /* Main.storyboard in Resources */,
			);
			runOnlyForDeploymentPostprocessing = 0;
		};
/* End PBXResourcesBuildPhase section */

/* Begin PBXShellScriptBuildPhase section */
		16F6811DE1B8757C0D32827F /* [CP] Copy Pods Resources */ = {
			isa = PBXShellScriptBuildPhase;
			buildActionMask = 2147483647;
			files = (
			);
			inputFileListPaths = (
				"${PODS_ROOT}/Target Support Files/Pods-TeleHealth/Pods-TeleHealth-resources-${CONFIGURATION}-input-files.xcfilelist",
			);
			name = "[CP] Copy Pods Resources";
			outputFileListPaths = (
				"${PODS_ROOT}/Target Support Files/Pods-TeleHealth/Pods-TeleHealth-resources-${CONFIGURATION}-output-files.xcfilelist",
			);
			runOnlyForDeploymentPostprocessing = 0;
			shellPath = /bin/sh;
			shellScript = "\"${PODS_ROOT}/Target Support Files/Pods-TeleHealth/Pods-TeleHealth-resources.sh\"\n";
			showEnvVarsInLog = 0;
		};
		CB6C63A44D46751D324B22BF /* [CP] Embed Pods Frameworks */ = {
			isa = PBXShellScriptBuildPhase;
			buildActionMask = 2147483647;
			files = (
			);
			inputFileListPaths = (
				"${PODS_ROOT}/Target Support Files/Pods-TeleHealth/Pods-TeleHealth-frameworks-${CONFIGURATION}-input-files.xcfilelist",
			);
			name = "[CP] Embed Pods Frameworks";
			outputFileListPaths = (
				"${PODS_ROOT}/Target Support Files/Pods-TeleHealth/Pods-TeleHealth-frameworks-${CONFIGURATION}-output-files.xcfilelist",
			);
			runOnlyForDeploymentPostprocessing = 0;
			shellPath = /bin/sh;
			shellScript = "\"${PODS_ROOT}/Target Support Files/Pods-TeleHealth/Pods-TeleHealth-frameworks.sh\"\n";
			showEnvVarsInLog = 0;
		};
		F409E105E8AAC18BE83629D1 /* [CP] Check Pods Manifest.lock */ = {
			isa = PBXShellScriptBuildPhase;
			buildActionMask = 2147483647;
			files = (
			);
			inputFileListPaths = (
			);
			inputPaths = (
				"${PODS_PODFILE_DIR_PATH}/Podfile.lock",
				"${PODS_ROOT}/Manifest.lock",
			);
			name = "[CP] Check Pods Manifest.lock";
			outputFileListPaths = (
			);
			outputPaths = (
				"$(DERIVED_FILE_DIR)/Pods-TeleHealth-checkManifestLockResult.txt",
			);
			runOnlyForDeploymentPostprocessing = 0;
			shellPath = /bin/sh;
			shellScript = "diff \"${PODS_PODFILE_DIR_PATH}/Podfile.lock\" \"${PODS_ROOT}/Manifest.lock\" > /dev/null\nif [ $? != 0 ] ; then\n    # print error to STDERR\n    echo \"error: The sandbox is not in sync with the Podfile.lock. Run 'pod install' or update your CocoaPods installation.\" >&2\n    exit 1\nfi\n# This output is used by Xcode 'outputs' to avoid re-running this script phase.\necho \"SUCCESS\" > \"${SCRIPT_OUTPUT_FILE_0}\"\n";
			showEnvVarsInLog = 0;
		};
/* End PBXShellScriptBuildPhase section */

/* Begin PBXSourcesBuildPhase section */
		1D3735DB24161A030087ACAE /* Sources */ = {
			isa = PBXSourcesBuildPhase;
			buildActionMask = 2147483647;
			files = (
				1D37361424161D150087ACAE /* CustomMessageCell.swift in Sources */,
				1D3735E324161A030087ACAE /* AppDelegate.swift in Sources */,
				1D61E0B42418CA9C004FD356 /* KYCViewController.swift in Sources */,
				1D61E0AF2418B8AB004FD356 /* RoundedButton.swift in Sources */,
				1D37361924161D200087ACAE /* ChatViewController.swift in Sources */,
				1D37361B24161D200087ACAE /* WelcomeViewController.swift in Sources */,
				1D951BCE2419C6BA00098AFC /* Utilities.swift in Sources */,
				1D37360B24161CF50087ACAE /* Message.swift in Sources */,
			);
			runOnlyForDeploymentPostprocessing = 0;
		};
/* End PBXSourcesBuildPhase section */

/* Begin PBXVariantGroup section */
		1D3735EB24161A040087ACAE /* LaunchScreen.storyboard */ = {
			isa = PBXVariantGroup;
			children = (
				1D3735EC24161A040087ACAE /* Base */,
			);
			name = LaunchScreen.storyboard;
			sourceTree = "<group>";
		};
/* End PBXVariantGroup section */

/* Begin XCBuildConfiguration section */
		1D3735EF24161A040087ACAE /* Debug */ = {
			isa = XCBuildConfiguration;
			buildSettings = {
				ALWAYS_SEARCH_USER_PATHS = NO;
				CLANG_ANALYZER_NONNULL = YES;
				CLANG_ANALYZER_NUMBER_OBJECT_CONVERSION = YES_AGGRESSIVE;
				CLANG_CXX_LANGUAGE_STANDARD = "gnu++14";
				CLANG_CXX_LIBRARY = "libc++";
				CLANG_ENABLE_MODULES = YES;
				CLANG_ENABLE_OBJC_ARC = YES;
				CLANG_ENABLE_OBJC_WEAK = YES;
				CLANG_WARN_BLOCK_CAPTURE_AUTORELEASING = YES;
				CLANG_WARN_BOOL_CONVERSION = YES;
				CLANG_WARN_COMMA = YES;
				CLANG_WARN_CONSTANT_CONVERSION = YES;
				CLANG_WARN_DEPRECATED_OBJC_IMPLEMENTATIONS = YES;
				CLANG_WARN_DIRECT_OBJC_ISA_USAGE = YES_ERROR;
				CLANG_WARN_DOCUMENTATION_COMMENTS = YES;
				CLANG_WARN_EMPTY_BODY = YES;
				CLANG_WARN_ENUM_CONVERSION = YES;
				CLANG_WARN_INFINITE_RECURSION = YES;
				CLANG_WARN_INT_CONVERSION = YES;
				CLANG_WARN_NON_LITERAL_NULL_CONVERSION = YES;
				CLANG_WARN_OBJC_IMPLICIT_RETAIN_SELF = YES;
				CLANG_WARN_OBJC_LITERAL_CONVERSION = YES;
				CLANG_WARN_OBJC_ROOT_CLASS = YES_ERROR;
				CLANG_WARN_RANGE_LOOP_ANALYSIS = YES;
				CLANG_WARN_STRICT_PROTOTYPES = YES;
				CLANG_WARN_SUSPICIOUS_MOVE = YES;
				CLANG_WARN_UNGUARDED_AVAILABILITY = YES_AGGRESSIVE;
				CLANG_WARN_UNREACHABLE_CODE = YES;
				CLANG_WARN__DUPLICATE_METHOD_MATCH = YES;
				CODE_SIGN_IDENTITY = "iPhone Developer";
				COPY_PHASE_STRIP = NO;
				DEBUG_INFORMATION_FORMAT = dwarf;
				ENABLE_STRICT_OBJC_MSGSEND = YES;
				ENABLE_TESTABILITY = YES;
				GCC_C_LANGUAGE_STANDARD = gnu11;
				GCC_DYNAMIC_NO_PIC = NO;
				GCC_NO_COMMON_BLOCKS = YES;
				GCC_OPTIMIZATION_LEVEL = 0;
				GCC_PREPROCESSOR_DEFINITIONS = (
					"DEBUG=1",
					"$(inherited)",
				);
				GCC_WARN_64_TO_32_BIT_CONVERSION = YES;
				GCC_WARN_ABOUT_RETURN_TYPE = YES_ERROR;
				GCC_WARN_UNDECLARED_SELECTOR = YES;
				GCC_WARN_UNINITIALIZED_AUTOS = YES_AGGRESSIVE;
				GCC_WARN_UNUSED_FUNCTION = YES;
				GCC_WARN_UNUSED_VARIABLE = YES;
				IPHONEOS_DEPLOYMENT_TARGET = 10.0;
				MTL_ENABLE_DEBUG_INFO = INCLUDE_SOURCE;
				MTL_FAST_MATH = YES;
				ONLY_ACTIVE_ARCH = YES;
				SDKROOT = iphoneos;
				SWIFT_ACTIVE_COMPILATION_CONDITIONS = DEBUG;
				SWIFT_OPTIMIZATION_LEVEL = "-Onone";
			};
			name = Debug;
		};
		1D3735F024161A040087ACAE /* Release */ = {
			isa = XCBuildConfiguration;
			buildSettings = {
				ALWAYS_SEARCH_USER_PATHS = NO;
				CLANG_ANALYZER_NONNULL = YES;
				CLANG_ANALYZER_NUMBER_OBJECT_CONVERSION = YES_AGGRESSIVE;
				CLANG_CXX_LANGUAGE_STANDARD = "gnu++14";
				CLANG_CXX_LIBRARY = "libc++";
				CLANG_ENABLE_MODULES = YES;
				CLANG_ENABLE_OBJC_ARC = YES;
				CLANG_ENABLE_OBJC_WEAK = YES;
				CLANG_WARN_BLOCK_CAPTURE_AUTORELEASING = YES;
				CLANG_WARN_BOOL_CONVERSION = YES;
				CLANG_WARN_COMMA = YES;
				CLANG_WARN_CONSTANT_CONVERSION = YES;
				CLANG_WARN_DEPRECATED_OBJC_IMPLEMENTATIONS = YES;
				CLANG_WARN_DIRECT_OBJC_ISA_USAGE = YES_ERROR;
				CLANG_WARN_DOCUMENTATION_COMMENTS = YES;
				CLANG_WARN_EMPTY_BODY = YES;
				CLANG_WARN_ENUM_CONVERSION = YES;
				CLANG_WARN_INFINITE_RECURSION = YES;
				CLANG_WARN_INT_CONVERSION = YES;
				CLANG_WARN_NON_LITERAL_NULL_CONVERSION = YES;
				CLANG_WARN_OBJC_IMPLICIT_RETAIN_SELF = YES;
				CLANG_WARN_OBJC_LITERAL_CONVERSION = YES;
				CLANG_WARN_OBJC_ROOT_CLASS = YES_ERROR;
				CLANG_WARN_RANGE_LOOP_ANALYSIS = YES;
				CLANG_WARN_STRICT_PROTOTYPES = YES;
				CLANG_WARN_SUSPICIOUS_MOVE = YES;
				CLANG_WARN_UNGUARDED_AVAILABILITY = YES_AGGRESSIVE;
				CLANG_WARN_UNREACHABLE_CODE = YES;
				CLANG_WARN__DUPLICATE_METHOD_MATCH = YES;
				CODE_SIGN_IDENTITY = "iPhone Developer";
				COPY_PHASE_STRIP = NO;
				DEBUG_INFORMATION_FORMAT = "dwarf-with-dsym";
				ENABLE_NS_ASSERTIONS = NO;
				ENABLE_STRICT_OBJC_MSGSEND = YES;
				GCC_C_LANGUAGE_STANDARD = gnu11;
				GCC_NO_COMMON_BLOCKS = YES;
				GCC_WARN_64_TO_32_BIT_CONVERSION = YES;
				GCC_WARN_ABOUT_RETURN_TYPE = YES_ERROR;
				GCC_WARN_UNDECLARED_SELECTOR = YES;
				GCC_WARN_UNINITIALIZED_AUTOS = YES_AGGRESSIVE;
				GCC_WARN_UNUSED_FUNCTION = YES;
				GCC_WARN_UNUSED_VARIABLE = YES;
				IPHONEOS_DEPLOYMENT_TARGET = 10.0;
				MTL_ENABLE_DEBUG_INFO = NO;
				MTL_FAST_MATH = YES;
				SDKROOT = iphoneos;
				SWIFT_COMPILATION_MODE = wholemodule;
				SWIFT_OPTIMIZATION_LEVEL = "-O";
				VALIDATE_PRODUCT = YES;
			};
			name = Release;
		};
		1D3735F224161A040087ACAE /* Debug */ = {
			isa = XCBuildConfiguration;
			baseConfigurationReference = BE9D8304A7BC8E8ABD462476 /* Pods-TeleHealth.debug.xcconfig */;
			buildSettings = {
				ASSETCATALOG_COMPILER_APPICON_NAME = AppIcon;
				CODE_SIGN_STYLE = Automatic;
				DEVELOPMENT_TEAM = Q3EJJ6M7CU;
				INFOPLIST_FILE = TeleHealth/Info.plist;
				LD_RUNPATH_SEARCH_PATHS = (
					"$(inherited)",
					"@executable_path/Frameworks",
				);
				PRODUCT_BUNDLE_IDENTIFIER = com.XiApps.TeleHealth;
				PRODUCT_NAME = "$(TARGET_NAME)";
				SWIFT_VERSION = 5.0;
				TARGETED_DEVICE_FAMILY = 1;
			};
			name = Debug;
		};
		1D3735F324161A040087ACAE /* Release */ = {
			isa = XCBuildConfiguration;
			baseConfigurationReference = 749875127DEBC58C089DC1AB /* Pods-TeleHealth.release.xcconfig */;
			buildSettings = {
				ASSETCATALOG_COMPILER_APPICON_NAME = AppIcon;
				CODE_SIGN_STYLE = Automatic;
				DEVELOPMENT_TEAM = Q3EJJ6M7CU;
				INFOPLIST_FILE = TeleHealth/Info.plist;
				LD_RUNPATH_SEARCH_PATHS = (
					"$(inherited)",
					"@executable_path/Frameworks",
				);
				PRODUCT_BUNDLE_IDENTIFIER = com.XiApps.TeleHealth;
				PRODUCT_NAME = "$(TARGET_NAME)";
				SWIFT_VERSION = 5.0;
				TARGETED_DEVICE_FAMILY = 1;
			};
			name = Release;
		};
/* End XCBuildConfiguration section */

/* Begin XCConfigurationList section */
		1D3735DA24161A030087ACAE /* Build configuration list for PBXProject "TeleHealth" */ = {
			isa = XCConfigurationList;
			buildConfigurations = (
				1D3735EF24161A040087ACAE /* Debug */,
				1D3735F024161A040087ACAE /* Release */,
			);
			defaultConfigurationIsVisible = 0;
			defaultConfigurationName = Release;
		};
		1D3735F124161A040087ACAE /* Build configuration list for PBXNativeTarget "TeleHealth" */ = {
			isa = XCConfigurationList;
			buildConfigurations = (
				1D3735F224161A040087ACAE /* Debug */,
				1D3735F324161A040087ACAE /* Release */,
			);
			defaultConfigurationIsVisible = 0;
			defaultConfigurationName = Release;
		};
/* End XCConfigurationList section */
	};
	rootObject = 1D3735D724161A030087ACAE /* Project object */;
}
